
Microsoft Visual Studio Solution File, Format Version 12.00
# Visual Studio Version 17
VisualStudioVersion = 17.4.33205.214
MinimumVisualStudioVersion = 10.0.40219.1
Project("{8BC9CEB8-8B4A-11D0-8D11-00A0C91BC942}") = "TestyKlienta", "TestyKlienta\TestyKlienta.vcxproj", "{77B7A5E9-1F20-42D8-994F-0D4118B5BD4A}"
EndProject
Project("{8BC9CEB8-8B4A-11D0-8D11-00A0C91BC942}") = "Determinism", "Determinism\Determinism.vcxproj", "{713BC591-3B25-4CF5-8C24-658D7A40B510}"
EndProject
Global
	GlobalSection(SolutionConfigurationPlatforms) = preSolution
		Debug|x64 = Debug|x64
		Debug|x86 = Debug|x86
		Release|x64 = Release|x64
		Release|x86 = Release|x86
	EndGlobalSection
	GlobalSection(ProjectConfigurationPlatforms) = postSolution
		{77B7A5E9-1F20-42D8-994F-0D4118B5BD4A}.Debug|x64.ActiveCfg = Debug|x64
		{77B7A5E9-1F20-42D8-994F-0D4118B5BD4A}.Debug|x64.Build.0 = Debug|x64
		{77B7A5E9-1F20-42D8-994F-0D4118B5BD4A}.Debug|x86.ActiveCfg = Debug|Win32
		{77B7A5E9-1F20-42D8-994F-0D4118B5BD4A}.Debug|x86.Build.0 = Debug|Win32
		{77B7A5E9-1F20-42D8-994F-0D4118B5BD4A}.Release|x64.ActiveCfg = Release|x64
		{77B7A5E9-1F20-42D8-994F-0D4118B5BD4A}.Release|x64.Build.0 = Release|x64
		{77B7A5E9-1F20-42D8-994F-0D4118B5BD4A}.Release|x86.ActiveCfg = Release|Win32
		{77B7A5E9-1F20-42D8-994F-0D4118B5BD4A}.Release|x86.Build.0 = Release|Win32
		{713BC591-3B25-4CF5-8C24-658D7A40B510}.Debug|x64.ActiveCfg = Debug|x64
		{713BC591-3B25-4CF5-8C24-658D7A40B510}.Debug|x64.Build.0 = Debug|x64
		{713BC591-3B25-4CF5-8C24-658D7A40B510}.Debug|x86.ActiveCfg = Debug|Win32
		{713BC591-3B25-4CF5-8C24-658D7A40B510}.Debug|x86.Build.0 = Debug|Win32
		{713BC591-3B25-4CF5-8C24-658D7A40B510}.Release|x64.ActiveCfg = Release|x64
		{713BC591-3B25-4CF5-8C24-658D7A40B510}.Release|x64.Build.0 = Release|x64
		{713BC591-3B25-4CF5-8C24-658D7A40B510}.Release|x86.ActiveCfg = Release|Win32
		{713BC591-3B25-4CF5-8C24-658D7A40B510}.Release|x86.Build.0 = Release|Win32
	EndGlobalSection
	GlobalSection(SolutionProperties) = preSolution
		HideSolutionNode = FALSE
	EndGlobalSection
	GlobalSection(ExtensibilityGlobals) = postSolution
		SolutionGuid = {CEBAAC55-F600-4510-B846-A0C983EFAFDF}
	EndGlobalSection
EndGlobal
