<?xml version="1.0" encoding="utf-8"?>
<Project ToolsVersion="4.0" xmlns="http://schemas.microsoft.com/developer/msbuild/2003">
  <ItemGroup>
    <Filter Include="Source Files">
      <UniqueIdentifier>{4FC737F1-C7A5-4376-A066-2A32D752A2FF}</UniqueIdentifier>
      <Extensions>cpp;c;cc;cxx;c++;cppm;ixx;def;odl;idl;hpj;bat;asm;asmx</Extensions>
    </Filter>
    <Filter Include="Header Files">
      <UniqueIdentifier>{93995380-89BD-4b04-88EB-625FBE52EBFB}</UniqueIdentifier>
      <Extensions>h;hh;hpp;hxx;h++;hm;inl;inc;ipp;xsd</Extensions>
    </Filter>
    <Filter Include="Resource Files">
      <UniqueIdentifier>{67DA6AB6-F800-4c08-8B7A-83BB121AAD01}</UniqueIdentifier>
      <Extensions>rc;ico;cur;bmp;dlg;rc2;rct;bin;rgs;gif;jpg;jpeg;jpe;resx;tiff;tif;png;wav;mfcribbon-ms</Extensions>
    </Filter>
  </ItemGroup>
  <ItemGroup>
    <ClCompile Include="main.cpp">
      <Filter>Source Files</Filter>
    </ClCompile>
    <ClCompile Include="physics\atmosphere.cpp">
      <Filter>Source Files</Filter>
    </ClCompile>
    <ClCompile Include="physics\day_night_cycle.cpp">
      <Filter>Source Files</Filter>
    </ClCompile>
    <ClCompile Include="physics\flight_ctrl.cpp">
      <Filter>Source Files</Filter>
    </ClCompile>
    <ClCompile Include="physics\notification.cpp">
      <Filter>Source Files</Filter>
    </ClCompile>
    <ClCompile Include="physics\scene.cpp">
      <Filter>Source Files</Filter>
    </ClCompile>
    <ClCompile Include="physics\simulation_buffer.cpp">
      <Filter>Source Files</Filter>
    </ClCompile>
    <ClCompile Include="physics\simulation_clock.cpp">
      <Filter>Source Files</Filter>
    </ClCompile>
    <ClCompile Include="physics\timestamp.cpp">
      <Filter>Source Files</Filter>
    </ClCompile>
    <ClCompile Include="physics\timestep.cpp">
      <Filter>Source Files</Filter>
    </ClCompile>
    <ClCompile Include="physics\airplane_params\airplane_params.cpp">
      <Filter>Source Files</Filter>
    </ClCompile>
    <ClCompile Include="physics\model_dynamics\airplane_dynamics.cpp">
      <Filter>Source Files</Filter>
    </ClCompile>
    <ClCompile Include="physics\model_dynamics\rigid_body_dynamics.cpp">
      <Filter>Source Files</Filter>
    </ClCompile>
    <ClCompile Include="physics\models\model.cpp">
      <Filter>Source Files</Filter>
    </ClCompile>
    <ClCompile Include="physics\models\airplane.cpp">
      <Filter>Source Files</Filter>
    </ClCompile>
    <ClCompile Include="common\airplane_type_name.cpp">
      <Filter>Source Files</Filter>
    </ClCompile>
    <ClCompile Include="common\state.cpp">
      <Filter>Source Files</Filter>
    </ClCompile>
    <ClCompile Include="common\transformable.cpp">
      <Filter>Source Files</Filter>
    </ClCompile>
    <ClCompile Include="gyroscope_dynamics.cpp">
      <Filter>Source Files</Filter>
    </ClCompile>
    <ClCompile Include="gyroscope.cpp">
      <Filter>Source Files</Filter>
    </ClCompile>
  </ItemGroup>
  <ItemGroup>
    <ClInclude Include="physics\airplane_params_database.hpp">
      <Filter>Header Files</Filter>
    </ClInclude>
    <ClInclude Include="physics\atmosphere.hpp">
      <Filter>Header Files</Filter>
    </ClInclude>
    <ClInclude Include="physics\day_night_cycle.hpp">
      <Filter>Header Files</Filter>
    </ClInclude>
    <ClInclude Include="physics\flight_ctrl.hpp">
      <Filter>Header Files</Filter>
    </ClInclude>
    <ClInclude Include="physics\notification.hpp">
      <Filter>Header Files</Filter>
    </ClInclude>
    <ClInclude Include="physics\runge_kutta.hpp">
      <Filter>Header Files</Filter>
    </ClInclude>
    <ClInclude Include="physics\runge_kutta_right_hand_side.hpp">
      <Filter>Header Files</Filter>
    </ClInclude>
    <ClInclude Include="physics\scene.hpp">
      <Filter>Header Files</Filter>
    </ClInclude>
    <ClInclude Include="physics\simulation_buffer.hpp">
      <Filter>Header Files</Filter>
    </ClInclude>
    <ClInclude Include="physics\simulation_buffer_element.hpp">
      <Filter>Header Files</Filter>
    </ClInclude>
    <ClInclude Include="physics\simulation_buffer_user.hpp">
      <Filter>Header Files</Filter>
    </ClInclude>
    <ClInclude Include="physics\simulation_clock.hpp">
      <Filter>Header Files</Filter>
    </ClInclude>
    <ClInclude Include="physics\timestamp.hpp">
      <Filter>Header Files</Filter>
    </ClInclude>
    <ClInclude Include="physics\timestep.hpp">
      <Filter>Header Files</Filter>
    </ClInclude>
    <ClInclude Include="physics\airplane_params\airplane_params.hpp">
      <Filter>Header Files</Filter>
    </ClInclude>
    <ClInclude Include="physics\airplane_params\fuselage_params.hpp">
      <Filter>Header Files</Filter>
    </ClInclude>
    <ClInclude Include="physics\airplane_params\inertia_params.hpp">
      <Filter>Header Files</Filter>
    </ClInclude>
    <ClInclude Include="physics\airplane_params\propulsion_params.hpp">
      <Filter>Header Files</Filter>
    </ClInclude>
    <ClInclude Include="physics\airplane_params\surface_params.hpp">
      <Filter>Header Files</Filter>
    </ClInclude>
    <ClInclude Include="physics\airplane_params_database\mustang.hpp">
      <Filter>Header Files</Filter>
    </ClInclude>
    <ClInclude Include="physics\model_dynamics\airplane_dynamics.hpp">
      <Filter>Header Files</Filter>
    </ClInclude>
    <ClInclude Include="physics\model_dynamics\rigid_body_dynamics.hpp">
      <Filter>Header Files</Filter>
    </ClInclude>
    <ClInclude Include="physics\models\model.hpp">
      <Filter>Header Files</Filter>
    </ClInclude>
    <ClInclude Include="physics\models\airplane.hpp">
      <Filter>Header Files</Filter>
    </ClInclude>
    <ClInclude Include="common\airplane_ctrl.hpp">
      <Filter>Header Files</Filter>
    </ClInclude>
    <ClInclude Include="common\airplane_database.hpp">
      <Filter>Header Files</Filter>
    </ClInclude>
    <ClInclude Include="common\airplane_info.hpp">
      <Filter>Header Files</Filter>
    </ClInclude>
    <ClInclude Include="common\airplane_type_name.hpp">
      <Filter>Header Files</Filter>
    </ClInclude>
    <ClInclude Include="common\state.hpp">
      <Filter>Header Files</Filter>
    </ClInclude>
    <ClInclude Include="common\transformable.hpp">
      <Filter>Header Files</Filter>
    </ClInclude>
    <ClInclude Include="common\user_info.hpp">
      <Filter>Header Files</Filter>
    </ClInclude>
    <ClInclude Include="common\user_input.hpp">
      <Filter>Header Files</Filter>
    </ClInclude>
    <ClInclude Include="common\user_state.hpp">
      <Filter>Header Files</Filter>
    </ClInclude>
    <ClInclude Include="gyroscope_dynamics.hpp">
      <Filter>Header Files</Filter>
    </ClInclude>
    <ClInclude Include="gyroscope.hpp">
      <Filter>Header Files</Filter>
    </ClInclude>
  </ItemGroup>
</Project>